// !$*UTF8*$!
{
	archiveVersion = 1;
	classes = {
	};
	objectVersion = 50;
	objects = {

/* Begin PBXBuildFile section */
		33444AD825CF666300F8B959 /* AppDelegate.swift in Sources */ = {isa = PBXBuildFile; fileRef = 33444AD725CF666300F8B959 /* AppDelegate.swift */; };
		33444ADA25CF666300F8B959 /* SceneDelegate.swift in Sources */ = {isa = PBXBuildFile; fileRef = 33444AD925CF666300F8B959 /* SceneDelegate.swift */; };
		33444ADC25CF666300F8B959 /* ViewController.swift in Sources */ = {isa = PBXBuildFile; fileRef = 33444ADB25CF666300F8B959 /* ViewController.swift */; };
		33444ADF25CF666300F8B959 /* Main.storyboard in Resources */ = {isa = PBXBuildFile; fileRef = 33444ADD25CF666300F8B959 /* Main.storyboard */; };
		33444AE125CF666800F8B959 /* Assets.xcassets in Resources */ = {isa = PBXBuildFile; fileRef = 33444AE025CF666800F8B959 /* Assets.xcassets */; };
		33444AE425CF666800F8B959 /* LaunchScreen.storyboard in Resources */ = {isa = PBXBuildFile; fileRef = 33444AE225CF666800F8B959 /* LaunchScreen.storyboard */; };
		33444AEF25CF666900F8B959 /* TechPodTests.swift in Sources */ = {isa = PBXBuildFile; fileRef = 33444AEE25CF666900F8B959 /* TechPodTests.swift */; };
		33444AFA25CF666900F8B959 /* TechPodUITests.swift in Sources */ = {isa = PBXBuildFile; fileRef = 33444AF925CF666900F8B959 /* TechPodUITests.swift */; };
		33444B1325CF6B5500F8B959 /* cannon.mp3 in Resources */ = {isa = PBXBuildFile; fileRef = 33444B0C25CF6B5500F8B959 /* cannon.mp3 */; };
		33444B1425CF6B5500F8B959 /* elise.mp3 in Resources */ = {isa = PBXBuildFile; fileRef = 33444B0D25CF6B5500F8B959 /* elise.mp3 */; };
		33444B1525CF6B5500F8B959 /* aria.mp3 in Resources */ = {isa = PBXBuildFile; fileRef = 33444B0E25CF6B5500F8B959 /* aria.mp3 */; };
		33444B1625CF6B5500F8B959 /* Beethoven.jpg in Resources */ = {isa = PBXBuildFile; fileRef = 33444B1025CF6B5500F8B959 /* Beethoven.jpg */; };
		33444B1725CF6B5500F8B959 /* Pachelbel.jpg in Resources */ = {isa = PBXBuildFile; fileRef = 33444B1125CF6B5500F8B959 /* Pachelbel.jpg */; };
		33444B1825CF6B5500F8B959 /* Bach.jpg in Resources */ = {isa = PBXBuildFile; fileRef = 33444B1225CF6B5500F8B959 /* Bach.jpg */; };
/* End PBXBuildFile section */

/* Begin PBXContainerItemProxy section */
		33444AEB25CF666900F8B959 /* PBXContainerItemProxy */ = {
			isa = PBXContainerItemProxy;
			containerPortal = 33444ACC25CF666300F8B959 /* Project object */;
			proxyType = 1;
			remoteGlobalIDString = 33444AD325CF666300F8B959;
			remoteInfo = TechPod;
		};
		33444AF625CF666900F8B959 /* PBXContainerItemProxy */ = {
			isa = PBXContainerItemProxy;
			containerPortal = 33444ACC25CF666300F8B959 /* Project object */;
			proxyType = 1;
			remoteGlobalIDString = 33444AD325CF666300F8B959;
			remoteInfo = TechPod;
		};
/* End PBXContainerItemProxy section */

/* Begin PBXFileReference section */
		33444AD425CF666300F8B959 /* TechPod.app */ = {isa = PBXFileReference; explicitFileType = wrapper.application; includeInIndex = 0; path = TechPod.app; sourceTree = BUILT_PRODUCTS_DIR; };
		33444AD725CF666300F8B959 /* AppDelegate.swift */ = {isa = PBXFileReference; lastKnownFileType = sourcecode.swift; path = AppDelegate.swift; sourceTree = "<group>"; };
		33444AD925CF666300F8B959 /* SceneDelegate.swift */ = {isa = PBXFileReference; lastKnownFileType = sourcecode.swift; path = SceneDelegate.swift; sourceTree = "<group>"; };
		33444ADB25CF666300F8B959 /* ViewController.swift */ = {isa = PBXFileReference; lastKnownFileType = sourcecode.swift; path = ViewController.swift; sourceTree = "<group>"; };
		33444ADE25CF666300F8B959 /* Base */ = {isa = PBXFileReference; lastKnownFileType = file.storyboard; name = Base; path = Base.lproj/Main.storyboard; sourceTree = "<group>"; };
		33444AE025CF666800F8B959 /* Assets.xcassets */ = {isa = PBXFileReference; lastKnownFileType = folder.assetcatalog; path = Assets.xcassets; sourceTree = "<group>"; };
		33444AE325CF666800F8B959 /* Base */ = {isa = PBXFileReference; lastKnownFileType = file.storyboard; name = Base; path = Base.lproj/LaunchScreen.storyboard; sourceTree = "<group>"; };
		33444AE525CF666800F8B959 /* Info.plist */ = {isa = PBXFileReference; lastKnownFileType = text.plist.xml; path = Info.plist; sourceTree = "<group>"; };
		33444AEA25CF666900F8B959 /* TechPodTests.xctest */ = {isa = PBXFileReference; explicitFileType = wrapper.cfbundle; includeInIndex = 0; path = TechPodTests.xctest; sourceTree = BUILT_PRODUCTS_DIR; };
		33444AEE25CF666900F8B959 /* TechPodTests.swift */ = {isa = PBXFileReference; lastKnownFileType = sourcecode.swift; path = TechPodTests.swift; sourceTree = "<group>"; };
		33444AF025CF666900F8B959 /* Info.plist */ = {isa = PBXFileReference; lastKnownFileType = text.plist.xml; path = Info.plist; sourceTree = "<group>"; };
		33444AF525CF666900F8B959 /* TechPodUITests.xctest */ = {isa = PBXFileReference; explicitFileType = wrapper.cfbundle; includeInIndex = 0; path = TechPodUITests.xctest; sourceTree = BUILT_PRODUCTS_DIR; };
		33444AF925CF666900F8B959 /* TechPodUITests.swift */ = {isa = PBXFileReference; lastKnownFileType = sourcecode.swift; path = TechPodUITests.swift; sourceTree = "<group>"; };
		33444AFB25CF666900F8B959 /* Info.plist */ = {isa = PBXFileReference; lastKnownFileType = text.plist.xml; path = Info.plist; sourceTree = "<group>"; };
		33444B0C25CF6B5500F8B959 /* cannon.mp3 */ = {isa = PBXFileReference; lastKnownFileType = audio.mp3; path = cannon.mp3; sourceTree = "<group>"; };
		33444B0D25CF6B5500F8B959 /* elise.mp3 */ = {isa = PBXFileReference; lastKnownFileType = audio.mp3; path = elise.mp3; sourceTree = "<group>"; };
		33444B0E25CF6B5500F8B959 /* aria.mp3 */ = {isa = PBXFileReference; lastKnownFileType = audio.mp3; path = aria.mp3; sourceTree = "<group>"; };
		33444B1025CF6B5500F8B959 /* Beethoven.jpg */ = {isa = PBXFileReference; lastKnownFileType = image.jpeg; path = Beethoven.jpg; sourceTree = "<group>"; };
		33444B1125CF6B5500F8B959 /* Pachelbel.jpg */ = {isa = PBXFileReference; lastKnownFileType = image.jpeg; path = Pachelbel.jpg; sourceTree = "<group>"; };
		33444B1225CF6B5500F8B959 /* Bach.jpg */ = {isa = PBXFileReference; lastKnownFileType = image.jpeg; path = Bach.jpg; sourceTree = "<group>"; };
/* End PBXFileReference section */

/* Begin PBXFrameworksBuildPhase section */
		33444AD125CF666300F8B959 /* Frameworks */ = {
			isa = PBXFrameworksBuildPhase;
			buildActionMask = 2147483647;
			files = (
			);
			runOnlyForDeploymentPostprocessing = 0;
		};
		33444AE725CF666900F8B959 /* Frameworks */ = {
			isa = PBXFrameworksBuildPhase;
			buildActionMask = 2147483647;
			files = (
			);
			runOnlyForDeploymentPostprocessing = 0;
		};
		33444AF225CF666900F8B959 /* Frameworks */ = {
			isa = PBXFrameworksBuildPhase;
			buildActionMask = 2147483647;
			files = (
			);
			runOnlyForDeploymentPostprocessing = 0;
		};
/* End PBXFrameworksBuildPhase section */

/* Begin PBXGroup section */
		33444ACB25CF666300F8B959 = {
			isa = PBXGroup;
			children = (
				33444AD625CF666300F8B959 /* TechPod */,
				33444AED25CF666900F8B959 /* TechPodTests */,
				33444AF825CF666900F8B959 /* TechPodUITests */,
				33444AD525CF666300F8B959 /* Products */,
			);
			sourceTree = "<group>";
		};
		33444AD525CF666300F8B959 /* Products */ = {
			isa = PBXGroup;
			children = (
				33444AD425CF666300F8B959 /* TechPod.app */,
				33444AEA25CF666900F8B959 /* TechPodTests.xctest */,
				33444AF525CF666900F8B959 /* TechPodUITests.xctest */,
			);
			name = Products;
			sourceTree = "<group>";
		};
		33444AD625CF666300F8B959 /* TechPod */ = {
			isa = PBXGroup;
			children = (
				33444B0A25CF6B5500F8B959 /* Resources */,
				33444AD725CF666300F8B959 /* AppDelegate.swift */,
				33444AD925CF666300F8B959 /* SceneDelegate.swift */,
				33444ADB25CF666300F8B959 /* ViewController.swift */,
				33444ADD25CF666300F8B959 /* Main.storyboard */,
				33444AE025CF666800F8B959 /* Assets.xcassets */,
				33444AE225CF666800F8B959 /* LaunchScreen.storyboard */,
				33444AE525CF666800F8B959 /* Info.plist */,
			);
			path = TechPod;
			sourceTree = "<group>";
		};
		33444AED25CF666900F8B959 /* TechPodTests */ = {
			isa = PBXGroup;
			children = (
				33444AEE25CF666900F8B959 /* TechPodTests.swift */,
				33444AF025CF666900F8B959 /* Info.plist */,
			);
			path = TechPodTests;
			sourceTree = "<group>";
		};
		33444AF825CF666900F8B959 /* TechPodUITests */ = {
			isa = PBXGroup;
			children = (
				33444AF925CF666900F8B959 /* TechPodUITests.swift */,
				33444AFB25CF666900F8B959 /* Info.plist */,
			);
			path = TechPodUITests;
			sourceTree = "<group>";
		};
		33444B0A25CF6B5500F8B959 /* Resources */ = {
			isa = PBXGroup;
			children = (
				33444B0B25CF6B5500F8B959 /* Songs */,
				33444B0F25CF6B5500F8B959 /* Images */,
			);
			path = Resources;
			sourceTree = "<group>";
		};
		33444B0B25CF6B5500F8B959 /* Songs */ = {
			isa = PBXGroup;
			children = (
				33444B0C25CF6B5500F8B959 /* cannon.mp3 */,
				33444B0D25CF6B5500F8B959 /* elise.mp3 */,
				33444B0E25CF6B5500F8B959 /* aria.mp3 */,
			);
			path = Songs;
			sourceTree = "<group>";
		};
		33444B0F25CF6B5500F8B959 /* Images */ = {
			isa = PBXGroup;
			children = (
				33444B1025CF6B5500F8B959 /* Beethoven.jpg */,
				33444B1125CF6B5500F8B959 /* Pachelbel.jpg */,
				33444B1225CF6B5500F8B959 /* Bach.jpg */,
			);
			path = Images;
			sourceTree = "<group>";
		};
/* End PBXGroup section */

/* Begin PBXNativeTarget section */
		33444AD325CF666300F8B959 /* TechPod */ = {
			isa = PBXNativeTarget;
			buildConfigurationList = 33444AFE25CF666900F8B959 /* Build configuration list for PBXNativeTarget "TechPod" */;
			buildPhases = (
				33444AD025CF666300F8B959 /* Sources */,
				33444AD125CF666300F8B959 /* Frameworks */,
				33444AD225CF666300F8B959 /* Resources */,
			);
			buildRules = (
			);
			dependencies = (
			);
			name = TechPod;
			productName = TechPod;
			productReference = 33444AD425CF666300F8B959 /* TechPod.app */;
			productType = "com.apple.product-type.application";
		};
		33444AE925CF666900F8B959 /* TechPodTests */ = {
			isa = PBXNativeTarget;
			buildConfigurationList = 33444B0125CF666900F8B959 /* Build configuration list for PBXNativeTarget "TechPodTests" */;
			buildPhases = (
				33444AE625CF666900F8B959 /* Sources */,
				33444AE725CF666900F8B959 /* Frameworks */,
				33444AE825CF666900F8B959 /* Resources */,
			);
			buildRules = (
			);
			dependencies = (
				33444AEC25CF666900F8B959 /* PBXTargetDependency */,
			);
			name = TechPodTests;
			productName = TechPodTests;
			productReference = 33444AEA25CF666900F8B959 /* TechPodTests.xctest */;
			productType = "com.apple.product-type.bundle.unit-test";
		};
		33444AF425CF666900F8B959 /* TechPodUITests */ = {
			isa = PBXNativeTarget;
			buildConfigurationList = 33444B0425CF666900F8B959 /* Build configuration list for PBXNativeTarget "TechPodUITests" */;
			buildPhases = (
				33444AF125CF666900F8B959 /* Sources */,
				33444AF225CF666900F8B959 /* Frameworks */,
				33444AF325CF666900F8B959 /* Resources */,
			);
			buildRules = (
			);
			dependencies = (
				33444AF725CF666900F8B959 /* PBXTargetDependency */,
			);
			name = TechPodUITests;
			productName = TechPodUITests;
			productReference = 33444AF525CF666900F8B959 /* TechPodUITests.xctest */;
			productType = "com.apple.product-type.bundle.ui-testing";
		};
/* End PBXNativeTarget section */

/* Begin PBXProject section */
		33444ACC25CF666300F8B959 /* Project object */ = {
			isa = PBXProject;
			attributes = {
				LastSwiftUpdateCheck = 1230;
				LastUpgradeCheck = 1230;
				TargetAttributes = {
					33444AD325CF666300F8B959 = {
						CreatedOnToolsVersion = 12.3;
					};
					33444AE925CF666900F8B959 = {
						CreatedOnToolsVersion = 12.3;
						TestTargetID = 33444AD325CF666300F8B959;
					};
					33444AF425CF666900F8B959 = {
						CreatedOnToolsVersion = 12.3;
						TestTargetID = 33444AD325CF666300F8B959;
					};
				};
			};
			buildConfigurationList = 33444ACF25CF666300F8B959 /* Build configuration list for PBXProject "TechPod" */;
			compatibilityVersion = "Xcode 9.3";
			developmentRegion = en;
			hasScannedForEncodings = 0;
			knownRegions = (
				en,
				Base,
			);
			mainGroup = 33444ACB25CF666300F8B959;
			productRefGroup = 33444AD525CF666300F8B959 /* Products */;
			projectDirPath = "";
			projectRoot = "";
			targets = (
				33444AD325CF666300F8B959 /* TechPod */,
				33444AE925CF666900F8B959 /* TechPodTests */,
				33444AF425CF666900F8B959 /* TechPodUITests */,
			);
		};
/* End PBXProject section */

/* Begin PBXResourcesBuildPhase section */
		33444AD225CF666300F8B959 /* Resources */ = {
			isa = PBXResourcesBuildPhase;
			buildActionMask = 2147483647;
			files = (
				33444AE425CF666800F8B959 /* LaunchScreen.storyboard in Resources */,
				33444B1325CF6B5500F8B959 /* cannon.mp3 in Resources */,
				33444B1825CF6B5500F8B959 /* Bach.jpg in Resources */,
				33444B1425CF6B5500F8B959 /* elise.mp3 in Resources */,
				33444AE125CF666800F8B959 /* Assets.xcassets in Resources */,
				33444B1725CF6B5500F8B959 /* Pachelbel.jpg in Resources */,
				33444ADF25CF666300F8B959 /* Main.storyboard in Resources */,
				33444B1525CF6B5500F8B959 /* aria.mp3 in Resources */,
				33444B1625CF6B5500F8B959 /* Beethoven.jpg in Resources */,
			);
			runOnlyForDeploymentPostprocessing = 0;
		};
		33444AE825CF666900F8B959 /* Resources */ = {
			isa = PBXResourcesBuildPhase;
			buildActionMask = 2147483647;
			files = (
			);
			runOnlyForDeploymentPostprocessing = 0;
		};
		33444AF325CF666900F8B959 /* Resources */ = {
			isa = PBXResourcesBuildPhase;
			buildActionMask = 2147483647;
			files = (
			);
			runOnlyForDeploymentPostprocessing = 0;
		};
/* End PBXResourcesBuildPhase section */

/* Begin PBXSourcesBuildPhase section */
		33444AD025CF666300F8B959 /* Sources */ = {
			isa = PBXSourcesBuildPhase;
			buildActionMask = 2147483647;
			files = (
				33444ADC25CF666300F8B959 /* ViewController.swift in Sources */,
				33444AD825CF666300F8B959 /* AppDelegate.swift in Sources */,
				33444ADA25CF666300F8B959 /* SceneDelegate.swift in Sources */,
			);
			runOnlyForDeploymentPostprocessing = 0;
		};
		33444AE625CF666900F8B959 /* Sources */ = {
			isa = PBXSourcesBuildPhase;
			buildActionMask = 2147483647;
			files = (
				33444AEF25CF666900F8B959 /* TechPodTests.swift in Sources */,
			);
			runOnlyForDeploymentPostprocessing = 0;
		};
		33444AF125CF666900F8B959 /* Sources */ = {
			isa = PBXSourcesBuildPhase;
			buildActionMask = 2147483647;
			files = (
				33444AFA25CF666900F8B959 /* TechPodUITests.swift in Sources */,
			);
			runOnlyForDeploymentPostprocessing = 0;
		};
/* End PBXSourcesBuildPhase section */

/* Begin PBXTargetDependency section */
		33444AEC25CF666900F8B959 /* PBXTargetDependency */ = {
			isa = PBXTargetDependency;
			target = 33444AD325CF666300F8B959 /* TechPod */;
			targetProxy = 33444AEB25CF666900F8B959 /* PBXContainerItemProxy */;
		};
		33444AF725CF666900F8B959 /* PBXTargetDependency */ = {
			isa = PBXTargetDependency;
			target = 33444AD325CF666300F8B959 /* TechPod */;
			targetProxy = 33444AF625CF666900F8B959 /* PBXContainerItemProxy */;
		};
/* End PBXTargetDependency section */

/* Begin PBXVariantGroup section */
		33444ADD25CF666300F8B959 /* Main.storyboard */ = {
			isa = PBXVariantGroup;
			children = (
				33444ADE25CF666300F8B959 /* Base */,
			);
			name = Main.storyboard;
			sourceTree = "<group>";
		};
		33444AE225CF666800F8B959 /* LaunchScreen.storyboard */ = {
			isa = PBXVariantGroup;
			children = (
				33444AE325CF666800F8B959 /* Base */,
			);
			name = LaunchScreen.storyboard;
			sourceTree = "<group>";
		};
/* End PBXVariantGroup section */

/* Begin XCBuildConfiguration section */
		33444AFC25CF666900F8B959 /* Debug */ = {
			isa = XCBuildConfiguration;
			buildSettings = {
				ALWAYS_SEARCH_USER_PATHS = NO;
				CLANG_ANALYZER_NONNULL = YES;
				CLANG_ANALYZER_NUMBER_OBJECT_CONVERSION = YES_AGGRESSIVE;
				CLANG_CXX_LANGUAGE_STANDARD = "gnu++14";
				CLANG_CXX_LIBRARY = "libc++";
				CLANG_ENABLE_MODULES = YES;
				CLANG_ENABLE_OBJC_ARC = YES;
				CLANG_ENABLE_OBJC_WEAK = YES;
				CLANG_WARN_BLOCK_CAPTURE_AUTORELEASING = YES;
				CLANG_WARN_BOOL_CONVERSION = YES;
				CLANG_WARN_COMMA = YES;
				CLANG_WARN_CONSTANT_CONVERSION = YES;
				CLANG_WARN_DEPRECATED_OBJC_IMPLEMENTATIONS = YES;
				CLANG_WARN_DIRECT_OBJC_ISA_USAGE = YES_ERROR;
				CLANG_WARN_DOCUMENTATION_COMMENTS = YES;
				CLANG_WARN_EMPTY_BODY = YES;
				CLANG_WARN_ENUM_CONVERSION = YES;
				CLANG_WARN_INFINITE_RECURSION = YES;
				CLANG_WARN_INT_CONVERSION = YES;
				CLANG_WARN_NON_LITERAL_NULL_CONVERSION = YES;
				CLANG_WARN_OBJC_IMPLICIT_RETAIN_SELF = YES;
				CLANG_WARN_OBJC_LITERAL_CONVERSION = YES;
				CLANG_WARN_OBJC_ROOT_CLASS = YES_ERROR;
				CLANG_WARN_QUOTED_INCLUDE_IN_FRAMEWORK_HEADER = YES;
				CLANG_WARN_RANGE_LOOP_ANALYSIS = YES;
				CLANG_WARN_STRICT_PROTOTYPES = YES;
				CLANG_WARN_SUSPICIOUS_MOVE = YES;
				CLANG_WARN_UNGUARDED_AVAILABILITY = YES_AGGRESSIVE;
				CLANG_WARN_UNREACHABLE_CODE = YES;
				CLANG_WARN__DUPLICATE_METHOD_MATCH = YES;
				COPY_PHASE_STRIP = NO;
				DEBUG_INFORMATION_FORMAT = dwarf;
				ENABLE_STRICT_OBJC_MSGSEND = YES;
				ENABLE_TESTABILITY = YES;
				GCC_C_LANGUAGE_STANDARD = gnu11;
				GCC_DYNAMIC_NO_PIC = NO;
				GCC_NO_COMMON_BLOCKS = YES;
				GCC_OPTIMIZATION_LEVEL = 0;
				GCC_PREPROCESSOR_DEFINITIONS = (
					"DEBUG=1",
					"$(inherited)",
				);
				GCC_WARN_64_TO_32_BIT_CONVERSION = YES;
				GCC_WARN_ABOUT_RETURN_TYPE = YES_ERROR;
				GCC_WARN_UNDECLARED_SELECTOR = YES;
				GCC_WARN_UNINITIALIZED_AUTOS = YES_AGGRESSIVE;
				GCC_WARN_UNUSED_FUNCTION = YES;
				GCC_WARN_UNUSED_VARIABLE = YES;
				IPHONEOS_DEPLOYMENT_TARGET = 14.3;
				MTL_ENABLE_DEBUG_INFO = INCLUDE_SOURCE;
				MTL_FAST_MATH = YES;
				ONLY_ACTIVE_ARCH = YES;
				SDKROOT = iphoneos;
				SWIFT_ACTIVE_COMPILATION_CONDITIONS = DEBUG;
				SWIFT_OPTIMIZATION_LEVEL = "-Onone";
			};
			name = Debug;
		};
		33444AFD25CF666900F8B959 /* Release */ = {
			isa = XCBuildConfiguration;
			buildSettings = {
				ALWAYS_SEARCH_USER_PATHS = NO;
				CLANG_ANALYZER_NONNULL = YES;
				CLANG_ANALYZER_NUMBER_OBJECT_CONVERSION = YES_AGGRESSIVE;
				CLANG_CXX_LANGUAGE_STANDARD = "gnu++14";
				CLANG_CXX_LIBRARY = "libc++";
				CLANG_ENABLE_MODULES = YES;
				CLANG_ENABLE_OBJC_ARC = YES;
				CLANG_ENABLE_OBJC_WEAK = YES;
				CLANG_WARN_BLOCK_CAPTURE_AUTORELEASING = YES;
				CLANG_WARN_BOOL_CONVERSION = YES;
				CLANG_WARN_COMMA = YES;
				CLANG_WARN_CONSTANT_CONVERSION = YES;
				CLANG_WARN_DEPRECATED_OBJC_IMPLEMENTATIONS = YES;
				CLANG_WARN_DIRECT_OBJC_ISA_USAGE = YES_ERROR;
				CLANG_WARN_DOCUMENTATION_COMMENTS = YES;
				CLANG_WARN_EMPTY_BODY = YES;
				CLANG_WARN_ENUM_CONVERSION = YES;
				CLANG_WARN_INFINITE_RECURSION = YES;
				CLANG_WARN_INT_CONVERSION = YES;
				CLANG_WARN_NON_LITERAL_NULL_CONVERSION = YES;
				CLANG_WARN_OBJC_IMPLICIT_RETAIN_SELF = YES;
				CLANG_WARN_OBJC_LITERAL_CONVERSION = YES;
				CLANG_WARN_OBJC_ROOT_CLASS = YES_ERROR;
				CLANG_WARN_QUOTED_INCLUDE_IN_FRAMEWORK_HEADER = YES;
				CLANG_WARN_RANGE_LOOP_ANALYSIS = YES;
				CLANG_WARN_STRICT_PROTOTYPES = YES;
				CLANG_WARN_SUSPICIOUS_MOVE = YES;
				CLANG_WARN_UNGUARDED_AVAILABILITY = YES_AGGRESSIVE;
				CLANG_WARN_UNREACHABLE_CODE = YES;
				CLANG_WARN__DUPLICATE_METHOD_MATCH = YES;
				COPY_PHASE_STRIP = NO;
				DEBUG_INFORMATION_FORMAT = "dwarf-with-dsym";
				ENABLE_NS_ASSERTIONS = NO;
				ENABLE_STRICT_OBJC_MSGSEND = YES;
				GCC_C_LANGUAGE_STANDARD = gnu11;
				GCC_NO_COMMON_BLOCKS = YES;
				GCC_WARN_64_TO_32_BIT_CONVERSION = YES;
				GCC_WARN_ABOUT_RETURN_TYPE = YES_ERROR;
				GCC_WARN_UNDECLARED_SELECTOR = YES;
				GCC_WARN_UNINITIALIZED_AUTOS = YES_AGGRESSIVE;
				GCC_WARN_UNUSED_FUNCTION = YES;
				GCC_WARN_UNUSED_VARIABLE = YES;
				IPHONEOS_DEPLOYMENT_TARGET = 14.3;
				MTL_ENABLE_DEBUG_INFO = NO;
				MTL_FAST_MATH = YES;
				SDKROOT = iphoneos;
				SWIFT_COMPILATION_MODE = wholemodule;
				SWIFT_OPTIMIZATION_LEVEL = "-O";
				VALIDATE_PRODUCT = YES;
			};
			name = Release;
		};
		33444AFF25CF666900F8B959 /* Debug */ = {
			isa = XCBuildConfiguration;
			buildSettings = {
				ASSETCATALOG_COMPILER_APPICON_NAME = AppIcon;
				ASSETCATALOG_COMPILER_GLOBAL_ACCENT_COLOR_NAME = AccentColor;
				CODE_SIGN_STYLE = Automatic;
				INFOPLIST_FILE = TechPod/Info.plist;
				LD_RUNPATH_SEARCH_PATHS = (
					"$(inherited)",
					"@executable_path/Frameworks",
				);
				PRODUCT_BUNDLE_IDENTIFIER = app.nishiwaki.sen.TechPod;
				PRODUCT_NAME = "$(TARGET_NAME)";
				SWIFT_VERSION = 5.0;
				TARGETED_DEVICE_FAMILY = "1,2";
			};
			name = Debug;
		};
		33444B0025CF666900F8B959 /* Release */ = {
			isa = XCBuildConfiguration;
			buildSettings = {
				ASSETCATALOG_COMPILER_APPICON_NAME = AppIcon;
				ASSETCATALOG_COMPILER_GLOBAL_ACCENT_COLOR_NAME = AccentColor;
				CODE_SIGN_STYLE = Automatic;
				INFOPLIST_FILE = TechPod/Info.plist;
				LD_RUNPATH_SEARCH_PATHS = (
					"$(inherited)",
					"@executable_path/Frameworks",
				);
				PRODUCT_BUNDLE_IDENTIFIER = app.nishiwaki.sen.TechPod;
				PRODUCT_NAME = "$(TARGET_NAME)";
				SWIFT_VERSION = 5.0;
				TARGETED_DEVICE_FAMILY = "1,2";
			};
			name = Release;
		};
		33444B0225CF666900F8B959 /* Debug */ = {
			isa = XCBuildConfiguration;
			buildSettings = {
				ALWAYS_EMBED_SWIFT_STANDARD_LIBRARIES = YES;
				BUNDLE_LOADER = "$(TEST_HOST)";
				CODE_SIGN_STYLE = Automatic;
				INFOPLIST_FILE = TechPodTests/Info.plist;
				IPHONEOS_DEPLOYMENT_TARGET = 14.3;
				LD_RUNPATH_SEARCH_PATHS = (
					"$(inherited)",
					"@executable_path/Frameworks",
					"@loader_path/Frameworks",
				);
				PRODUCT_BUNDLE_IDENTIFIER = app.nishiwaki.sen.TechPodTests;
				PRODUCT_NAME = "$(TARGET_NAME)";
				SWIFT_VERSION = 5.0;
				TARGETED_DEVICE_FAMILY = "1,2";
				TEST_HOST = "$(BUILT_PRODUCTS_DIR)/TechPod.app/TechPod";
			};
			name = Debug;
		};
		33444B0325CF666900F8B959 /* Release */ = {
			isa = XCBuildConfiguration;
			buildSettings = {
				ALWAYS_EMBED_SWIFT_STANDARD_LIBRARIES = YES;
				BUNDLE_LOADER = "$(TEST_HOST)";
				CODE_SIGN_STYLE = Automatic;
				INFOPLIST_FILE = TechPodTests/Info.plist;
				IPHONEOS_DEPLOYMENT_TARGET = 14.3;
				LD_RUNPATH_SEARCH_PATHS = (
					"$(inherited)",
					"@executable_path/Frameworks",
					"@loader_path/Frameworks",
				);
				PRODUCT_BUNDLE_IDENTIFIER = app.nishiwaki.sen.TechPodTests;
				PRODUCT_NAME = "$(TARGET_NAME)";
				SWIFT_VERSION = 5.0;
				TARGETED_DEVICE_FAMILY = "1,2";
				TEST_HOST = "$(BUILT_PRODUCTS_DIR)/TechPod.app/TechPod";
			};
			name = Release;
		};
		33444B0525CF666900F8B959 /* Debug */ = {
			isa = XCBuildConfiguration;
			buildSettings = {
				ALWAYS_EMBED_SWIFT_STANDARD_LIBRARIES = YES;
				CODE_SIGN_STYLE = Automatic;
				INFOPLIST_FILE = TechPodUITests/Info.plist;
				LD_RUNPATH_SEARCH_PATHS = (
					"$(inherited)",
					"@executable_path/Frameworks",
					"@loader_path/Frameworks",
				);
				PRODUCT_BUNDLE_IDENTIFIER = app.nishiwaki.sen.TechPodUITests;
				PRODUCT_NAME = "$(TARGET_NAME)";
				SWIFT_VERSION = 5.0;
				TARGETED_DEVICE_FAMILY = "1,2";
				TEST_TARGET_NAME = TechPod;
			};
			name = Debug;
		};
		33444B0625CF666900F8B959 /* Release */ = {
			isa = XCBuildConfiguration;
			buildSettings = {
				ALWAYS_EMBED_SWIFT_STANDARD_LIBRARIES = YES;
				CODE_SIGN_STYLE = Automatic;
				INFOPLIST_FILE = TechPodUITests/Info.plist;
				LD_RUNPATH_SEARCH_PATHS = (
					"$(inherited)",
					"@executable_path/Frameworks",
					"@loader_path/Frameworks",
				);
				PRODUCT_BUNDLE_IDENTIFIER = app.nishiwaki.sen.TechPodUITests;
				PRODUCT_NAME = "$(TARGET_NAME)";
				SWIFT_VERSION = 5.0;
				TARGETED_DEVICE_FAMILY = "1,2";
				TEST_TARGET_NAME = TechPod;
			};
			name = Release;
		};
/* End XCBuildConfiguration section */

/* Begin XCConfigurationList section */
		33444ACF25CF666300F8B959 /* Build configuration list for PBXProject "TechPod" */ = {
			isa = XCConfigurationList;
			buildConfigurations = (
				33444AFC25CF666900F8B959 /* Debug */,
				33444AFD25CF666900F8B959 /* Release */,
			);
			defaultConfigurationIsVisible = 0;
			defaultConfigurationName = Release;
		};
		33444AFE25CF666900F8B959 /* Build configuration list for PBXNativeTarget "TechPod" */ = {
			isa = XCConfigurationList;
			buildConfigurations = (
				33444AFF25CF666900F8B959 /* Debug */,
				33444B0025CF666900F8B959 /* Release */,
			);
			defaultConfigurationIsVisible = 0;
			defaultConfigurationName = Release;
		};
		33444B0125CF666900F8B959 /* Build configuration list for PBXNativeTarget "TechPodTests" */ = {
			isa = XCConfigurationList;
			buildConfigurations = (
				33444B0225CF666900F8B959 /* Debug */,
				33444B0325CF666900F8B959 /* Release */,
			);
			defaultConfigurationIsVisible = 0;
			defaultConfigurationName = Release;
		};
		33444B0425CF666900F8B959 /* Build configuration list for PBXNativeTarget "TechPodUITests" */ = {
			isa = XCConfigurationList;
			buildConfigurations = (
				33444B0525CF666900F8B959 /* Debug */,
				33444B0625CF666900F8B959 /* Release */,
			);
			defaultConfigurationIsVisible = 0;
			defaultConfigurationName = Release;
		};
/* End XCConfigurationList section */
	};
	rootObject = 33444ACC25CF666300F8B959 /* Project object */;
}
